{
  "requires": true,
  "lockfileVersion": 1,
  "dependencies": {
    "@types/fullpage.js": {
      "version": "2.9.0",
      "resolved": "https://registry.npmjs.org/@types/fullpage.js/-/fullpage.js-2.9.0.tgz",
      "integrity": "sha512-Qape/F04ZQTZnbRIW6z0b4+/GtOQw6NmoYVVhyREJvK1team0e1hdAhll/ul7+lRzoIKETQjhZ9dfwIc+deLxw==",
      "requires": {
        "@types/jquery": "*"
      }
    },
    "@types/jquery": {
      "version": "3.3.10",
      "resolved": "https://registry.npmjs.org/@types/jquery/-/jquery-3.3.10.tgz",
      "integrity": "sha512-W2bE8pGh9Tsg8mxh+B6BSH8lTG6ZV7K2ZMAlEwSTqKFU1wMI5HShyRKSp3DngnxCmDu35tW3RAC4mxBFYRsTuw=="
    }
  }
}
