{
  "requires": true,
  "lockfileVersion": 1,
  "dependencies": {
    "@types/jquery": {
      "version": "3.3.11",
      "resolved": "https://registry.npmjs.org/@types/jquery/-/jquery-3.3.11.tgz",
      "integrity": "sha512-wdPdonsSg1pf+OY1tlAxB31XHGUZgVGcIR55Fa74U9s43tGdWwrbwOCfjub8NrjF9H+8gPD2wyFdoXsQmfAQjg=="
    }
  }
}
